{
  "sources": {
    "apt": {
      "locked_version": "2.0.0"
    },
    "java": {
      "locked_version": "1.12.0"
    },
    "install_hadoop": {
      "path": "./site-cookbooks/install_hadoop"
    },
    "windows": {
      "locked_version": "1.10.0"
    },
    "chef_handler": {
      "locked_version": "1.1.4"
    }
  }
}
